version: 1
checksums:
  4188a166aad2705b4f09401f924502ed:
    meta/site_title: 644025f35c914eb9943fadebc2fd849d
    meta/site_description: a9518d8bba570e1b647d2f2756d28fc5
    meta/keywords: 6f384b1ed63a4bffc4dc2165fd3d3321
    meta/author: 1b26e71bad36067e6e2237332b0dab00
    meta/site_name: aa6a0c6b264b2964654f2d1130d6d3a9
    meta/og_image_alt: c3e5daf04065dea5f653e08b080d5d46
    meta/twitter_site: 7ddffdf7c674793684fea473f74b23c2
    meta/twitter_creator: 7ddffdf7c674793684fea473f74b23c2
    meta/twitter_image_alt: 8e33e04e2be41b2be24433e6853543ab
    schema/organization_name: aa6a0c6b264b2964654f2d1130d6d3a9
    schema/organization_description: 1993be95311fd14fe367170831ce6b65
    schema/address_region: 1c29fdca2101637e831ff6c6efe8202b
    schema/offer_description: daa7e1d9127e2ec76d337e9cfdbf35b3
    schema/credential_awarded: a00f064036c61dff365b61eba6035891
    schema/catalog_name: f640aa697c7b7fa8d7e479e08c34b912
    schema/course_southamerica_name: 26512f4608e934525f302a9e2e7de241
    schema/course_southamerica_description: 80162e4139bb657838177ad706067931
    schema/course_europe_name: 5a8613aade2ed79fa60745920e66b472
    schema/course_europe_description: c3c7ef656192b3359c90d8f6ac5fcda0
    nav/logo_alt: e632f62da421be89d63f013eff260f59
    nav/menu_aria: a5eb95a4e0c3065c2403c666291f9def
    nav/brand_link_aria: 1ff69604e5a63db38d6416153c6bdb6b
    nav/toggle_aria: 26e805d75af8e200036e1c77b1afd69d
    nav/objectives: d0b42acde0aeb40836582b3d87dfa7d3
    nav/alumni: c077d2d6841f500330f079ab00c70f1b
    nav/residences: 996149e8f913ffbdf84f2482c67304ca
    nav/schedule: c74c748c799dc9516937b8471bfc2e18
    nav/register: 38d54e5d817bfb14220015b0a2321392
    nav/benefits: 06c41028c3d7025fafb2b36af0176b52
    nav/alliances: a63917828ffc6b3be5ebdc4b66cb5dcb
    nav/contact: e1caf5cc16c5a4e4dc9d509ff567c9ce
    hero/title_main: d357bcab918a542f1b992170c43d9438
    hero/title_sub: 73fa961ee3ac2b346727f8ee530c1936
    hero/cta_primary: d12e831895b832e68cc8f5e06e496d72
    hero/cta_secondary: 44eaaf6dc7a23bc57d85735be6249b86
    objectives/image_alt: 3eb458de67a25c6c28db306eb0da208c
    objectives/title: e9cb045faa42500d2dbb37816053474e
    objectives/potential/title: 501d5e532bc0bf445c235bb9b429f532
    objectives/potential/description: f72262cfc72c9d559bb6799ec084c414
    objectives/open_source/title: fe348e6cf9cd71f27f342380b2b274ac
    objectives/open_source/description: 48f059f44f707ffba45060ea0cd94f55
    objectives/networking/title: cd9ac4809535775494f5184c32b7b766
    objectives/networking/description: e336714bd701ddeaeed2fd6c502e1795
    alumni/title: 450c2a6b435f1c364f6a18cc2bebc4c3
    alumni/stats_aria: 31901b82c080087eeb7770e94869b086
    alumni/stats/registered: b93c22965726496ffbcde1ee10c0b11e
    alumni/stats/selected: 8e8f3551a18bc3af48953a5f0e30227e
    alumni/stats/fulltime: 622027013331e5b26dcdd25477657c5b
    alumni/stats/parttime: c643114fd4820166c8dd9001cc2c4485
    alumni/subtitle: 013d214136dac47a43ae1e4dc1d7b8c5
    alumni/github_aria: 34ed08e5c1cc70e88aab50aee67c8bd6
    alumni/linkedin_aria: 53598a231e5a2aeff0bec269f1415385
    alumni/twitter_aria: cab8c32e3aff53697c0ab04f33fbd7fd
    alumni/grantee_b4os: 4563f41ecc19e723fe0c42103c8c1503
    alumni/grantee_b4os_localhost: b0aa51549af8f54257ede1b73d961780
    alumni/grantee_spiral: d3e2fbf46b6532e7d236d6c553763086
    alumni/grantee_bdk: 4a7fb6eb68fbfb96a037091c56489c13
    alumni/grantee_whitenoise_b4os: 0c8d16504ed43db91ff842b706997bfc
    alumni/grantee_whitenoise: 1e8fa4402b11d75a36ae2fec8cde878c
    alumni/main_maintainer: 213c002a24d01aa6a3bb96ec99dd8b7f
    residencies/title: 0c5cedac6af0dd4f0db8cf44dae8d8e3
    residencies/subtitle: 8db12b0bc7720b51329456e355f500b4
    residencies/duration_label: af8c4a8bd427b341e6fc280b30e3b00a
    residencies/start_label: ffa9f8025a6493b16c10aea45f35bd59
    residencies/location_label: 10a575fcb323cc2558cdd16b3a33f53c
    residencies/southamerica/title: 833ea565cdbd0556bddf7ee6805e93f1
    residencies/southamerica/duration: 7966095b37ab8218e4670a16b78fc97c
    residencies/southamerica/start: dc3d8a52d047ef56509364b224c7c67c
    residencies/southamerica/location: 3d119cd056c6c4faecb28381cff70d69
    residencies/southamerica/description: 94aad167c8663518d7aac8654d066bc4
    residencies/europe/title: 5dea1742e1b73eed5c28a220bca219e1
    residencies/europe/duration: 000d7ff106ebdbb5d9330f7b1f536607
    residencies/europe/start: c2611b29b07673bd7e72578a76ba3a03
    residencies/europe/location: d8202c7740a8819192ccc27cfa97a933
    residencies/europe/description: a9d7b27f19176c41e1c8db71be5a1266
    residencies/centralamerica/title: 92c187467da7631037612ca78728644b
    residencies/centralamerica/duration: 9bb022c2219fa3976d95624aadef83bb
    residencies/centralamerica/start: c2611b29b07673bd7e72578a76ba3a03
    residencies/centralamerica/location: bef56815b9c862b872dcff78a18992a5
    residencies/centralamerica/description: 0527720c46cc0dec121ccdb74d02af55
    residencies/northamerica1/title: 03bee3d053c7de4178a21f8c5a8e19c4
    residencies/northamerica1/duration: ff1567373d384be4c3f8dc4c657dd2e4
    residencies/northamerica1/start: 9c948c7086b5fc046998bbef35da1767
    residencies/northamerica1/location: d4181caefe7c71f44ade790c1afad103
    residencies/northamerica1/description: 30431eecb1bf443f17216587476ba3ec
    residencies/northamerica2/title: 00b360ebec517fec4dff54aef2f4ca81
    residencies/northamerica2/duration: 5b29f1709a795f9637cad5c65b93b11d
    residencies/northamerica2/start: 02e07a236f4dbd24dd3785b12d7e68f8
    residencies/northamerica2/location: d8aa33740dad28a7a415a118766cfcb7
    residencies/northamerica2/description: c54a1bcef47eac7b6c891bd475647706
    residencies/disclaimer: 61aaeeadf20d853d1851e0f622d49bbd
    timeline/title: 3d6faeeca3998f60ced28eaf939cb075
    timeline/subtitle: 8bc9de830a2411df415002d3c78e9567
    timeline/registration/date: 039f3b77f111dc646d74c8d99b6793c9
    timeline/registration/title: 38d54e5d817bfb14220015b0a2321392
    timeline/registration/description: 697109e39546fb1a07180f453a7f0a29
    timeline/challenges/date: aaa53765e1f2059a747986768c511d00
    timeline/challenges/title: f64d08aa61da7c83aa3fec7164c24da3
    timeline/challenges/description: eccf7dfdc302bbfb40fcb4bca8ccb489
    timeline/challenges/highlight: 98b593f09a4ae39bc0b60e6c0891b790
    timeline/review/date: 54b30e9eae8bc403f96c94ff5a8f7f03
    timeline/review/title: a51d6f6b37630f3433ca4fe8b6ab9832
    timeline/review/description: 91663e945facf02c3d5da7843c83ceba
    timeline/guadalajara_selection/date: 35787aba16d4792473e786e15fe40aa4
    timeline/guadalajara_selection/title: ccc2ef4320e71f7ba3680444fbded307
    timeline/guadalajara_selection/description: 38799346862aefcf9f99a3dede5bfc4a
    timeline/division/date: e1417a9a2baa77b0fdb3b236c6f4e04d
    timeline/division/title: bfaf109736a26b342125db8a619216cf
    timeline/division/description: 76f2cd20495a6a07002dd1f76858b58c
    timeline/division/routes/core: 05d6785c89849c3e62501575e679053a
    timeline/division/routes/lightning: 76514d83815699c9d2d1e9b1b61e19c7
    timeline/division/routes/application: 73cf50989ccdd3f6075c45d001ca960d
    timeline/southamerica_selection/date: 227026dc0894ff4fd727f6c8cd1590a7
    timeline/southamerica_selection/title: 72b4650b9a19150b22e0817b836d09ec
    timeline/southamerica_selection/description: 9a6f05712c174de5645d9eeb051eda06
    timeline/southamerica_selection/note: f19f138a6da75d57a7884a08ff14718e
    timeline/residency/date: fb8b38ff38b6b14555ec9677bfeb306e
    timeline/residency/title: 9c35850e79c313dec9374b38d5a30da1
    timeline/residency/description: c06ac0fbb6fe40e4bf9df8f3d42c07a1
    timeline/grantees/date: 032decca3037a8f932e98d8804a73df9
    timeline/grantees/title: 1313f186af9483111f7423b174108ffe
    timeline/grantees/description: c97ee5d9fc2791fa13d2704e2cc121f5
    registration/title: e3b1c17babb334dc9d69bf0a31c3c151
    registration/description: 5b1a6f71c749193082cf4a32e29bca5e
    registration/requirements/title: 43c63ede04bfaba99f416d3384350b78
    registration/requirements/experience: 86dcc468e2caa8970720ef967c46efae
    registration/requirements/languages: 9d944ebb37f1c1ff5cdb73d9f4d81ee5
    registration/requirements/interest: 61993f8e7b25f27e789be2a3069f5408
    registration/requirements/availability: 22282822e508ba49205af31ebfa408f6
    registration/requirements/resilience: af842891833dfaecd97efce630231b57
    registration/period/label: 49c61a9c552c28165db60cba3b410ac9
    registration/period/dates: 2070a3ed2a4c445754f22ec348506bec
    registration/form/title: 0f9ffb9f14aebee4b018f2a97d1773d1
    registration/form/aria_label: a76b95e4cd0df4201c9aabe7e7ecbfb6
    registration/form/name/label: 385ede445a7d152a62c1b730233d3c0d
    registration/form/name/help: b49f3a83174de845923bedde40ad575b
    registration/form/email/label: 00f48db7b8177806d7bdec49f5fe3a31
    registration/form/email/help: 11a8d0af01deeec7fda467baefa17661
    registration/form/country/label: 919185e621228784ce7bcc0a17ceb24d
    registration/form/country/placeholder: 6906058dc376e9e78a04b36609cdc52c
    registration/form/country/help: 87c8df5778a123b9b2de306950881f3d
    registration/form/city/label: d58c2d37c9be42b3865203239438e330
    registration/form/city/placeholder: 2c3601e958cfd9a497711279084ba53f
    registration/form/city/help: 4ea82f7661f0855b5f9fa671901cc04a
    registration/form/experience/label: 3f8cbbbdfc5ad221e67d0e06e5584c5b
    registration/form/experience/placeholder: 68d8cccdb9f9268640357952cc504f36
    registration/form/experience/options/2-5: a72f720c36f423eaeb09bf8692145f6f
    registration/form/experience/options/5-10: 7a4046f3a6b14f7f1820f319078a04da
    registration/form/experience/options/10%2B: 1febd25fa47fadc91333338f6584a73c
    registration/form/dev_language/label: 2117ba8f81d10347693a4a352b36d4c5
    registration/form/dev_language/placeholder: 943ef5d81120e351bdbfa7ca71dd39a4
    registration/form/dev_language/help: 0294b62d3b16ceb57ec0c32c8a6f98c4
    registration/form/technologies/label: 3684f9f0c1155d0caef239d7595ee25e
    registration/form/technologies/placeholder: 29f4c71145d1929bff432d9501a9eb39
    registration/form/technologies/help: 25a3fa1c9bbf44df718f905433e78e7c
    registration/form/github/label: 7c2f2fc8a08ddffc4a6cd2119808b685
    registration/form/github/help: aef57102e34a6dda4a4864b5864a4538
    registration/form/motivation/label: 12e0131ba483308676eb7de102c99df8
    registration/form/motivation/help: 0fb81784a05760db599594914fcdfacb
    registration/form/how_heard/label: d69d324c9005a19980e6cb02b03c2bc5
    registration/form/how_heard/placeholder: 8d56132fd38786e73143f84b536a770d
    registration/form/how_heard/help: 7cc7ace2e4d238db7d4d829b4abdd808
    registration/form/terms/label: 97b8cabca25fb92b63f40b194af2db88
    registration/form/terms/help: cd2c58a137a3e88e874361f169a37055
    registration/form/terms/link_text: cc2cc10744634ecf4496c25a7abefb06
    registration/form/submit: 651d82ce59130a6a35ebe01477cd74b7
    benefits/title: 69654c89b9ae675f51ea24b2c9436630
    benefits/subtitle: d93ff44d0521b34f75baad0b68de2f96
    benefits/cards/1/icon: 27bf3b5690ae43df216547bad109bfed
    benefits/cards/1/title: 847cfdbbc3e4a0d11fe79faad1fdcdfa
    benefits/cards/1/description: e9aaba304aeabde4ccd02abcdb3eaf73
    benefits/cards/2/icon: cab1297a14f6b987754e34f4ce8eb684
    benefits/cards/2/title: bf8ae14c43f2ad98e871fef409237f61
    benefits/cards/2/description: 83719f7f14f4cdad395356662a74f8e2
    benefits/cards/3/icon: 64a58058427862ae17ab98f84bfccdbd
    benefits/cards/3/title: 3c7f92e6b74ca7ba461d349c72dd641c
    benefits/cards/3/description: 12692e5ea9d49f118049d823b9dcf23d
    benefits/cards/4/icon: f725cd87f10089a175c4a60b141d22c2
    benefits/cards/4/title: 04d45e1a19b3e2cbb16ed9d9ad9ccafe
    benefits/cards/4/description: dffa337e7dd8d7d121c95f1afa0a1ca4
    benefits/cards/5/icon: 3bc1c17ed543a1de3934d9bad566c0ea
    benefits/cards/5/title: 5fef9eed862d73af715357d06d512307
    benefits/cards/5/description: 6cf1ccff5886b772f53c65cb663401d3
    benefits/cards/6/icon: 1823d8315e3eb843cc4dc51835c2bfa9
    benefits/cards/6/title: 9eacc8bfcfc94d696bb0d6a671b60122
    benefits/cards/6/description: 35a54f668179eb582994a1d29c5b031c
    benefits/cards/7/icon: 4832e87e795b14db09341ece374943d2
    benefits/cards/7/title: 060075687be7151c584b2a3ff37351cf
    benefits/cards/7/description: b7557315f7db9797abbc5816512edfa0
    benefits/cards/8/icon: d770da332c2057341738d1933c1a920e
    benefits/cards/8/title: 8f3b6d87bf73d3eb6e22ffc235f5cbdc
    benefits/cards/8/description: 10b07c9b5763dd821f0dae77b5cb64f2
    benefits/cards/9/icon: 86ef07f9140c8afdfa9e2af84fdabf34
    benefits/cards/9/title: aa146ba14ccba4b5380ec816de0af957
    benefits/cards/9/description: 9462e1a5ceb18669a0caf24004117e7a
    faq/title: e2ad2ff9fa4a2ee13f5464f67b708778
    faq/subtitle: c314076ce6e7da1868116c112093d124
    faq/questions/1/question: df5dad7521ee65780d1086c27cd21c2e
    faq/questions/1/answer: 284bb148fa565bcca14ef9fcc0efd47a
    faq/questions/2/question: 955d89392ebd97bca2827c1a3a5e6a20
    faq/questions/2/answer: 245127212941d5cf32714aa4a482196b
    faq/questions/3/question: f62c7c523f9181d17f962f2d02ff531e
    faq/questions/3/answer: 50a5c8f7512c6b854cb03b1adc2413f5
    faq/questions/4/question: 0a4bcddb26e2cd5cbd77f28c9273f2b2
    faq/questions/4/answer: 814ac0c6286a886694cad2e69e8525f6
    faq/questions/5/question: 3a973c5130f83c2af3feeef529fa8bff
    faq/questions/5/answer: 822422b275d6a635aac60d938b93ab59
    faq/questions/6/question: b232316b05d1098f148c51c2cc9c0024
    faq/questions/6/answer: baeb5d398b036f5f2a50a6395d426824
    faq/questions/7/question: 8686a52fe7d4bf15ae75a72110b2b694
    faq/questions/7/answer: 3611c52d475682235f2c25fba27a5eeb
    faq/questions/8/question: 3610d067a0bef57470a5319987105c51
    faq/questions/8/answer: b5a14390d09634289ed8a812a11da4e3
    faq/questions/9/question: 68dc6901103d24739214a2a0c28c3dbe
    faq/questions/9/answer: 9f152ef6e65497c28c791c2acbf669e0
    faq/questions/10/question: dbecf496bca85676a1b78fd365ec077a
    faq/questions/10/answer: 1f068a282cd0cd7e9d15dd7b89965f6f
    faq/questions/11/question: 7046e5930542a5700a697a8de4ad2d7c
    faq/questions/11/answer: 7282d3ee79a910ef5910dd7316623fbf
    faq/questions/12/question: 046e0faa52c3665d19b3be36a6fc8c43
    faq/questions/12/answer: b97e3eef03af7caf208503fc2e094c2a
    faq/questions/13/question: c0784a4dc31b9c50344e6478fd485149
    faq/questions/13/answer: fe9cf5a85fff94c3510b50a5b1b2080e
    partnerships/title: a63917828ffc6b3be5ebdc4b66cb5dcb
    partnerships/subtitle: 6a15c8e75506cc52bed44a5a25e10434
    partnerships/main_sponsor/text: 105a02523665c94f0aa781e25ed28817
    partnerships/strategic/title: e594d93111a5495dfb7165cf4fd04c2c
    partnerships/conferences/title: 2f672e900439541ff5989781d542c18c
    partnerships/communities/title: f977ba571f8e87fa28f6bf90c465b2b1
    partnerships/partner_descriptions/bitcoin_argentina: f87f663aa6888de735f9378ffa5a15f5
    partnerships/partner_descriptions/chaincode: a8a56e85a7249a72eab8ad46ce7d1f4a
    terms/page_title: 4808b7f51ec0965fe366d804f9f5ab8c
    terms/page_description: 61f6b4af64fb28f9da8b92d52a5d81ea
    terms/nav/logo_alt: e632f62da421be89d63f013eff260f59
    terms/nav/back_home_aria: 4a412d1ab6aaf6ca34ecf0664129e368
    terms/nav/close_btn: 349e0d61f4dd47e93b505a133bb21d9a
    terms/header/title: 177c4dd0cbe54dbc4004ca125430774a
    terms/header/intro_1: 7052b87f4c119a0316e6d9f33d18bf20
    terms/header/intro_2: b65a7367f2b7b60141712e34f7a43bde
    terms/sections/about/title: a4128e1566dbc124f17e592bd52c3e1d
    terms/sections/about/content_1: b46e0410010ed39b058ef5c2508ea864
    terms/sections/about/content_2: 551e29281a03b2b3d40d757f34f034d6
    terms/sections/eligibility/title: a6dbb32bd4de457632788d9a164a983f
    terms/sections/eligibility/process/title: 16601d63e0474c6e9ad5841a2f2db87b
    terms/sections/eligibility/process/content: a7444902b4f1391d5617fbfc36c3d97b
    terms/sections/eligibility/target/title: 7c9fc6ebdb170ffee8cb490f3f3fcba6
    terms/sections/eligibility/target/content_1: 74c7dd3857cbf528fb4744a6c7bb5fd1
    terms/sections/eligibility/target/content_2: 0b95069d512b331923cc8ac19bb7b0d3
    terms/sections/how_it_works/title: 1deb6da9886fbf6897032f6cee84eddd
    terms/sections/how_it_works/phase1/title: 373f266c5a38f7c8956bbb3f1136e643
    terms/sections/how_it_works/phase1/items/0: 363400f7d6b8d76bd9cdbcd56e529e4d
    terms/sections/how_it_works/phase1/items/1: 848edaf03690a154e76aa85460dfb8a7
    terms/sections/how_it_works/phase1/items/2: c7d73fa81040d7bc1778f3f5abffea37
    terms/sections/how_it_works/phase1/items/3: 692b71ab9525042c85dfc3e3083f2693
    terms/sections/how_it_works/phase2/title: d1314ca579ccfc3f288c0a939bd29c2c
    terms/sections/how_it_works/phase2/intro: 84d4b70f2b72fee361d105a61558a3b3
    terms/sections/how_it_works/phase2/items/0: 1a2c8dd80be6bca81c84a513a14d7d20
    terms/sections/how_it_works/phase2/items/1: 392f2288b1babe5284bb0cf6580493ff
    terms/sections/how_it_works/phase2/items/2: 7a24a59bc2b0a7b59b61ab6c14d82fa7
    terms/sections/how_it_works/tools/title: d3d3cc1ef4a36021bce19d2a031c5ccc
    terms/sections/how_it_works/tools/items/0: 1bce53bc7e152ec5c17b7911fa9f5294
    terms/sections/how_it_works/tools/items/1: 64d64d1960b554266737fe5e68500993
    terms/sections/how_it_works/tools/items/2: 42945fcbdae5197aadaad110eafa7b09
    terms/sections/intellectual_property/title: b24ab4a74c7095bf844f311b6c0b6a37
    terms/sections/intellectual_property/your_code/title: 0226c74e87d0445fff97e8d3904ede38
    terms/sections/intellectual_property/your_code/content: c45a3ef733d0b5e513bfaf7baf230bfc
    terms/sections/intellectual_property/our_content/title: 951b7848335efde74c0fe5a1a14234c3
    terms/sections/intellectual_property/our_content/content: 257f693ed1e24e202f41c1a0e2101732
    terms/sections/conduct/title: cfb689374f607e279ddecf56436eccbc
    terms/sections/conduct/content: 90afbc844f75afcbe56ecad3de6fa5ed
    terms/sections/scholarships/title: 33ef90404613240fd3e380667727b8ed
    terms/sections/scholarships/expectations/title: de23e510dca3bb0f8fae6cabdf70f969
    terms/sections/scholarships/expectations/content: 3c294d00fde0e687324683dcf3983f10
    terms/sections/scholarships/criteria: c2289017152c1cbb58a0a9538e03daa2
    terms/sections/data/title: a6a51583ef6bad2013ea92a5c37884ef
    terms/sections/data/content_1: 290347b4c53cb449de34e7bc591df049
    terms/sections/data/content_2: 9478293e4fb7ac908722cf00d6ee7702
    terms/sections/communications/title: f7a06dde5fd0b26405f3d7e11a43f389
    terms/sections/communications/content_1: ea49e32309e873e74d840c012199d2bc
    terms/sections/communications/content_2: ed8307846c3010eea27c10e5b93fac71
    terms/sections/changes/title: 676f10e9072e83b4eed56f0ad3b2a619
    terms/sections/changes/content_1: 531eaa8a74a7982d22bbf78d1c881e01
    terms/sections/changes/content_2: 71bf907832597d309cee716e2aba4414
    terms/sections/contact/title: 505d4c86e7ad3ce701487abb30b89614
    terms/sections/contact/content: e3b6f76a47876945da1dee813bed05d9
    terms/sections/tldr/content: 963d863091b348c334f292d6f2f06211
    terms/footer/last_updated: 3fcc2c6efd856d259c24a0b6975e03ad
    terms/footer/date: 0735926f0f70f5bcfbc5626684498739
    terms/footer/close_btn: 8d666219d7e38a8c12bd7acbdda8815f
    terms/footer/register_btn: 49b0c89bcb861273d570a1c631b0b9ab
    terms/footer/copyright: 699de6a9fd134a83ef785668886d8449
    terms/footer/legal_links/terms: 5f760af55361ecf8f54a168491c41eb7
    footer/logo_alt: e632f62da421be89d63f013eff260f59
    footer/description: 53ba421f4c640bb2b5d33095a6653e57
    footer/quick_links/title: 7261cfd749bf1f4d43928835586012e5
    footer/quick_links_aria: e675a6ce46c3984eab39e1f1861a4140
    footer/resources/title: 47d48a0ba69ed4abb1eeb3a01c3ed243
    footer/resources/library: 1b26e71bad36067e6e2237332b0dab00
    footer/resources/courses: be6aa4ca34e22adbfc80de828e4476a7
    footer/resources_aria: fb9e507206984be8547302a752fc32a9
    footer/contact/title: 78edc03537eb4773cc7153c6d315a2b3
    footer/social_aria/facebook: 17c13ddb7480980937cddc3b361b5835
    footer/social_aria/linkedin: 97a1fe926bcbda03c964bf47f8a98acf
    footer/social_aria/twitter: b93e199b3998ccbff030b72c512633d5
    footer/social_aria/github: a483e0248bc98916204c3c4a1c077586
    footer/social_aria/discord: c7f7e52fbf195787d907d1885d85b5fa
    footer/social_aria/nostr: 27794a1fe494135342898c6c870d9508
    footer/copyright: 699de6a9fd134a83ef785668886d8449
    footer/legal/terms: 5f760af55361ecf8f54a168491c41eb7
    footer/legal/conduct: 09898fb9809f09e3cbdc6b5717fbc15e
    footer/legal_aria: ea22c572c2641ce6aadf32b2597b8197
