version: 1
checksums:
  4188a166aad2705b4f09401f924502ed:
    meta/site_title: 644025f35c914eb9943fadebc2fd849d
    meta/site_description: a9518d8bba570e1b647d2f2756d28fc5
    meta/keywords: 6f384b1ed63a4bffc4dc2165fd3d3321
    meta/author: 1b26e71bad36067e6e2237332b0dab00
    meta/site_name: aa6a0c6b264b2964654f2d1130d6d3a9
    meta/og_image_alt: c3e5daf04065dea5f653e08b080d5d46
    meta/twitter_site: 7ddffdf7c674793684fea473f74b23c2
    meta/twitter_creator: 7ddffdf7c674793684fea473f74b23c2
    meta/twitter_image_alt: 8e33e04e2be41b2be24433e6853543ab
    schema/organization_name: aa6a0c6b264b2964654f2d1130d6d3a9
    schema/organization_description: 1993be95311fd14fe367170831ce6b65
    schema/address_region: 1c29fdca2101637e831ff6c6efe8202b
    schema/offer_description: daa7e1d9127e2ec76d337e9cfdbf35b3
    schema/credential_awarded: a00f064036c61dff365b61eba6035891
    schema/catalog_name: f640aa697c7b7fa8d7e479e08c34b912
    schema/course_southamerica_name: 26512f4608e934525f302a9e2e7de241
    schema/course_southamerica_description: 80162e4139bb657838177ad706067931
    schema/course_europe_name: 5a8613aade2ed79fa60745920e66b472
    schema/course_europe_description: c3c7ef656192b3359c90d8f6ac5fcda0
    nav/logo_alt: e632f62da421be89d63f013eff260f59
    nav/menu_aria: a5eb95a4e0c3065c2403c666291f9def
    nav/brand_link_aria: 1ff69604e5a63db38d6416153c6bdb6b
    nav/toggle_aria: 26e805d75af8e200036e1c77b1afd69d
    nav/objectives: d0b42acde0aeb40836582b3d87dfa7d3
    nav/alumni: c077d2d6841f500330f079ab00c70f1b
    nav/residences: 996149e8f913ffbdf84f2482c67304ca
    nav/schedule: c74c748c799dc9516937b8471bfc2e18
    nav/register: 38d54e5d817bfb14220015b0a2321392
    nav/benefits: 06c41028c3d7025fafb2b36af0176b52
    nav/alliances: a63917828ffc6b3be5ebdc4b66cb5dcb
    nav/contact: e1caf5cc16c5a4e4dc9d509ff567c9ce
    hero/title_main: d357bcab918a542f1b992170c43d9438
    hero/title_sub: 73fa961ee3ac2b346727f8ee530c1936
    hero/cta_primary: d12e831895b832e68cc8f5e06e496d72
    hero/cta_secondary: 44eaaf6dc7a23bc57d85735be6249b86
    objectives/image_alt: 3eb458de67a25c6c28db306eb0da208c
    objectives/title: e9cb045faa42500d2dbb37816053474e
    objectives/potential/title: 501d5e532bc0bf445c235bb9b429f532
    objectives/potential/description: ee96da37d09f7c10263bae53d1f2e932
    objectives/open_source/title: fe348e6cf9cd71f27f342380b2b274ac
    objectives/open_source/description: 180f87424a031fd2dbbcaf75ec2cb85e
    objectives/networking/title: cd9ac4809535775494f5184c32b7b766
    objectives/networking/description: dd4baeedaa91cb1488e561ddde3d3866
    alumni/title: 450c2a6b435f1c364f6a18cc2bebc4c3
    alumni/stats_aria: 31901b82c080087eeb7770e94869b086
    alumni/stats/registered: b93c22965726496ffbcde1ee10c0b11e
    alumni/stats/selected: 8e8f3551a18bc3af48953a5f0e30227e
    alumni/stats/fulltime: 622027013331e5b26dcdd25477657c5b
    alumni/stats/parttime: c643114fd4820166c8dd9001cc2c4485
    alumni/subtitle: 273a99024552af2f20dc2cbd315aaccc
    alumni/github_aria: 34ed08e5c1cc70e88aab50aee67c8bd6
    alumni/linkedin_aria: 53598a231e5a2aeff0bec269f1415385
    alumni/twitter_aria: cab8c32e3aff53697c0ab04f33fbd7fd
    alumni/grantee_b4os: 4563f41ecc19e723fe0c42103c8c1503
    alumni/grantee_localhost: c268158328a3fb4345693f19085c9c7b
    alumni/grantee_spiral: d3e2fbf46b6532e7d236d6c553763086
    alumni/grantee_bdk: 4a7fb6eb68fbfb96a037091c56489c13
    alumni/grantee_whitenoise_b4os: 0c8d16504ed43db91ff842b706997bfc
    alumni/grantee_whitenoise: 1e8fa4402b11d75a36ae2fec8cde878c
    residencies/title: 0c5cedac6af0dd4f0db8cf44dae8d8e3
    residencies/subtitle: 8db12b0bc7720b51329456e355f500b4
    residencies/duration_label: af8c4a8bd427b341e6fc280b30e3b00a
    residencies/start_label: ffa9f8025a6493b16c10aea45f35bd59
    residencies/location_label: 10a575fcb323cc2558cdd16b3a33f53c
    residencies/southamerica/title: 833ea565cdbd0556bddf7ee6805e93f1
    residencies/southamerica/duration: 7966095b37ab8218e4670a16b78fc97c
    residencies/southamerica/start: dc3d8a52d047ef56509364b224c7c67c
    residencies/southamerica/location: 3d119cd056c6c4faecb28381cff70d69
    residencies/southamerica/description: 94aad167c8663518d7aac8654d066bc4
    residencies/europe/title: 5dea1742e1b73eed5c28a220bca219e1
    residencies/europe/duration: 000d7ff106ebdbb5d9330f7b1f536607
    residencies/europe/start: c2611b29b07673bd7e72578a76ba3a03
    residencies/europe/location: d8202c7740a8819192ccc27cfa97a933
    residencies/europe/description: a9d7b27f19176c41e1c8db71be5a1266
    residencies/centralamerica/title: 92c187467da7631037612ca78728644b
    residencies/centralamerica/duration: 9bb022c2219fa3976d95624aadef83bb
    residencies/centralamerica/start: c2611b29b07673bd7e72578a76ba3a03
    residencies/centralamerica/location: bef56815b9c862b872dcff78a18992a5
    residencies/centralamerica/description: 0527720c46cc0dec121ccdb74d02af55
    residencies/northamerica1/title: 03bee3d053c7de4178a21f8c5a8e19c4
    residencies/northamerica1/duration: ff1567373d384be4c3f8dc4c657dd2e4
    residencies/northamerica1/start: 9c948c7086b5fc046998bbef35da1767
    residencies/northamerica1/location: d4181caefe7c71f44ade790c1afad103
    residencies/northamerica1/description: 30431eecb1bf443f17216587476ba3ec
    residencies/northamerica2/title: 00b360ebec517fec4dff54aef2f4ca81
    residencies/northamerica2/duration: 5b29f1709a795f9637cad5c65b93b11d
    residencies/northamerica2/start: 02e07a236f4dbd24dd3785b12d7e68f8
    residencies/northamerica2/location: d8aa33740dad28a7a415a118766cfcb7
    residencies/northamerica2/description: c54a1bcef47eac7b6c891bd475647706
    residencies/disclaimer: 61aaeeadf20d853d1851e0f622d49bbd
    timeline/title: 3d6faeeca3998f60ced28eaf939cb075
    timeline/subtitle: 8bc9de830a2411df415002d3c78e9567
    timeline/registration/date: 039f3b77f111dc646d74c8d99b6793c9
    timeline/registration/title: 38d54e5d817bfb14220015b0a2321392
    timeline/registration/description: 697109e39546fb1a07180f453a7f0a29
    timeline/challenges/date: aaa53765e1f2059a747986768c511d00
    timeline/challenges/title: f64d08aa61da7c83aa3fec7164c24da3
    timeline/challenges/description: eccf7dfdc302bbfb40fcb4bca8ccb489
    timeline/challenges/highlight: 98b593f09a4ae39bc0b60e6c0891b790
    timeline/review/date: 54b30e9eae8bc403f96c94ff5a8f7f03
    timeline/review/title: a51d6f6b37630f3433ca4fe8b6ab9832
    timeline/review/description: 91663e945facf02c3d5da7843c83ceba
    timeline/guadalajara_selection/date: 35787aba16d4792473e786e15fe40aa4
    timeline/guadalajara_selection/title: ccc2ef4320e71f7ba3680444fbded307
    timeline/guadalajara_selection/description: 38799346862aefcf9f99a3dede5bfc4a
    timeline/division/date: e1417a9a2baa77b0fdb3b236c6f4e04d
    timeline/division/title: bfaf109736a26b342125db8a619216cf
    timeline/division/description: 76f2cd20495a6a07002dd1f76858b58c
    timeline/division/routes/core: 05d6785c89849c3e62501575e679053a
    timeline/division/routes/lightning: 76514d83815699c9d2d1e9b1b61e19c7
    timeline/division/routes/application: 73cf50989ccdd3f6075c45d001ca960d
    timeline/southamerica_selection/date: 227026dc0894ff4fd727f6c8cd1590a7
    timeline/southamerica_selection/title: 72b4650b9a19150b22e0817b836d09ec
    timeline/southamerica_selection/description: 9a6f05712c174de5645d9eeb051eda06
    timeline/southamerica_selection/note: f19f138a6da75d57a7884a08ff14718e
    timeline/residency/date: fb8b38ff38b6b14555ec9677bfeb306e
    timeline/residency/title: 9c35850e79c313dec9374b38d5a30da1
    timeline/residency/description: c06ac0fbb6fe40e4bf9df8f3d42c07a1
    timeline/grantees/date: 032decca3037a8f932e98d8804a73df9
    timeline/grantees/title: 1313f186af9483111f7423b174108ffe
    timeline/grantees/description: c97ee5d9fc2791fa13d2704e2cc121f5
    registration/title: e3b1c17babb334dc9d69bf0a31c3c151
    registration/description: 5b1a6f71c749193082cf4a32e29bca5e
    registration/requirements/title: 43c63ede04bfaba99f416d3384350b78
    registration/requirements/experience: 86dcc468e2caa8970720ef967c46efae
    registration/requirements/languages: 9d944ebb37f1c1ff5cdb73d9f4d81ee5
    registration/requirements/interest: 61993f8e7b25f27e789be2a3069f5408
    registration/requirements/availability: 22282822e508ba49205af31ebfa408f6
    registration/requirements/resilience: af842891833dfaecd97efce630231b57
    registration/period/label: 49c61a9c552c28165db60cba3b410ac9
    registration/period/dates: 2070a3ed2a4c445754f22ec348506bec
    registration/form/title: 0f9ffb9f14aebee4b018f2a97d1773d1
    registration/form/aria_label: a76b95e4cd0df4201c9aabe7e7ecbfb6
    registration/form/name/label: 385ede445a7d152a62c1b730233d3c0d
    registration/form/name/help: b49f3a83174de845923bedde40ad575b
    registration/form/email/label: 00f48db7b8177806d7bdec49f5fe3a31
    registration/form/email/help: 11a8d0af01deeec7fda467baefa17661
    registration/form/country/label: 919185e621228784ce7bcc0a17ceb24d
    registration/form/country/placeholder: 6906058dc376e9e78a04b36609cdc52c
    registration/form/country/help: 87c8df5778a123b9b2de306950881f3d
    registration/form/city/label: d58c2d37c9be42b3865203239438e330
    registration/form/city/placeholder: 2c3601e958cfd9a497711279084ba53f
    registration/form/city/help: 4ea82f7661f0855b5f9fa671901cc04a
    registration/form/experience/label: 3f8cbbbdfc5ad221e67d0e06e5584c5b
    registration/form/experience/placeholder: 68d8cccdb9f9268640357952cc504f36
    registration/form/experience/options/2-5: a72f720c36f423eaeb09bf8692145f6f
    registration/form/experience/options/5-10: 7a4046f3a6b14f7f1820f319078a04da
    registration/form/experience/options/10%2B: 1febd25fa47fadc91333338f6584a73c
    registration/form/dev_language/label: 2117ba8f81d10347693a4a352b36d4c5
    registration/form/dev_language/placeholder: 943ef5d81120e351bdbfa7ca71dd39a4
    registration/form/dev_language/help: 0294b62d3b16ceb57ec0c32c8a6f98c4
    registration/form/technologies/label: 3684f9f0c1155d0caef239d7595ee25e
    registration/form/technologies/placeholder: 29f4c71145d1929bff432d9501a9eb39
    registration/form/technologies/help: 25a3fa1c9bbf44df718f905433e78e7c
    registration/form/github/label: 7c2f2fc8a08ddffc4a6cd2119808b685
    registration/form/github/help: aef57102e34a6dda4a4864b5864a4538
    registration/form/motivation/label: 12e0131ba483308676eb7de102c99df8
    registration/form/motivation/help: 0fb81784a05760db599594914fcdfacb
    registration/form/how_heard/label: d69d324c9005a19980e6cb02b03c2bc5
    registration/form/how_heard/placeholder: 8d56132fd38786e73143f84b536a770d
    registration/form/how_heard/help: 7cc7ace2e4d238db7d4d829b4abdd808
    registration/form/terms/label: 07875722b66d05a5f2b2bed917235a6b
    registration/form/terms/help: cd2c58a137a3e88e874361f169a37055
    registration/form/terms/link_text: cc2cc10744634ecf4496c25a7abefb06
    registration/form/submit: 651d82ce59130a6a35ebe01477cd74b7
    partnerships/title: a63917828ffc6b3be5ebdc4b66cb5dcb
    partnerships/subtitle: 6a15c8e75506cc52bed44a5a25e10434
    partnerships/main_sponsor/text: 105a02523665c94f0aa781e25ed28817
    partnerships/strategic/title: e594d93111a5495dfb7165cf4fd04c2c
    partnerships/conferences/title: 2f672e900439541ff5989781d542c18c
    partnerships/communities/title: f977ba571f8e87fa28f6bf90c465b2b1
    partnerships/partner_descriptions/bitcoin_argentina: f87f663aa6888de735f9378ffa5a15f5
    partnerships/partner_descriptions/chaincode: a8a56e85a7249a72eab8ad46ce7d1f4a
    footer/logo_alt: e632f62da421be89d63f013eff260f59
    footer/description: 53ba421f4c640bb2b5d33095a6653e57
    footer/quick_links/title: 7261cfd749bf1f4d43928835586012e5
    footer/quick_links_aria: e675a6ce46c3984eab39e1f1861a4140
    footer/resources/title: 47d48a0ba69ed4abb1eeb3a01c3ed243
    footer/resources/library: 1b26e71bad36067e6e2237332b0dab00
    footer/resources/courses: be6aa4ca34e22adbfc80de828e4476a7
    footer/resources_aria: fb9e507206984be8547302a752fc32a9
    footer/contact/title: 78edc03537eb4773cc7153c6d315a2b3
    footer/social_aria/facebook: 17c13ddb7480980937cddc3b361b5835
    footer/social_aria/linkedin: 97a1fe926bcbda03c964bf47f8a98acf
    footer/social_aria/twitter: b93e199b3998ccbff030b72c512633d5
    footer/social_aria/github: a483e0248bc98916204c3c4a1c077586
    footer/social_aria/discord: c7f7e52fbf195787d907d1885d85b5fa
    footer/social_aria/nostr: 27794a1fe494135342898c6c870d9508
    footer/copyright: 699de6a9fd134a83ef785668886d8449
    footer/legal/terms: 5f760af55361ecf8f54a168491c41eb7
    footer/legal/conduct: 09898fb9809f09e3cbdc6b5717fbc15e
    footer/legal_aria: ea22c572c2641ce6aadf32b2597b8197
